
Microsoft Visual Studio Solution File, Format Version 12.00
# Visual Studio Version 17
VisualStudioVersion = 17.10.35122.118
MinimumVisualStudioVersion = 10.0.40219.1
Project("{FAE04EC0-301F-11D3-BF4B-00C04F79EFBC}") = "PasswordStorageApp.WebApi", "PasswordStorageApp.WebApi\PasswordStorageApp.WebApi.csproj", "{6EC1C113-DD06-4A70-890F-CC57DB3877E2}"
EndProject
Global
	GlobalSection(SolutionConfigurationPlatforms) = preSolution
		Debug|Any CPU = Debug|Any CPU
		Release|Any CPU = Release|Any CPU
	EndGlobalSection
	GlobalSection(ProjectConfigurationPlatforms) = postSolution
		{6EC1C113-DD06-4A70-890F-CC57DB3877E2}.Debug|Any CPU.ActiveCfg = Debug|Any CPU
		{6EC1C113-DD06-4A70-890F-CC57DB3877E2}.Debug|Any CPU.Build.0 = Debug|Any CPU
		{6EC1C113-DD06-4A70-890F-CC57DB3877E2}.Release|Any CPU.ActiveCfg = Release|Any CPU
		{6EC1C113-DD06-4A70-890F-CC57DB3877E2}.Release|Any CPU.Build.0 = Release|Any CPU
	EndGlobalSection
	GlobalSection(SolutionProperties) = preSolution
		HideSolutionNode = FALSE
	EndGlobalSection
	GlobalSection(ExtensibilityGlobals) = postSolution
		SolutionGuid = {3B75B3EC-23F6-498F-A2AA-F91D8672B28F}
	EndGlobalSection
EndGlobal
